
Microsoft Visual Studio Solution File, Format Version 12.00
# Visual Studio Version 16
VisualStudioVersion = 16.0.29215.179
MinimumVisualStudioVersion = 10.0.40219.1
Project("{FAE04EC0-301F-11D3-BF4B-00C04F79EFBC}") = "GitStuff", "GitStuff\GitStuff.csproj", "{1D3FE930-FAA2-4CA8-A93F-CA270DC84AD8}"
EndProject
Global
	GlobalSection(SolutionConfigurationPlatforms) = preSolution
		Debug|Any CPU = Debug|Any CPU
		Release|Any CPU = Release|Any CPU
	EndGlobalSection
	GlobalSection(ProjectConfigurationPlatforms) = postSolution
		{1D3FE930-FAA2-4CA8-A93F-CA270DC84AD8}.Debug|Any CPU.ActiveCfg = Debug|Any CPU
		{1D3FE930-FAA2-4CA8-A93F-CA270DC84AD8}.Debug|Any CPU.Build.0 = Debug|Any CPU
		{1D3FE930-FAA2-4CA8-A93F-CA270DC84AD8}.Release|Any CPU.ActiveCfg = Release|Any CPU
		{1D3FE930-FAA2-4CA8-A93F-CA270DC84AD8}.Release|Any CPU.Build.0 = Release|Any CPU
	EndGlobalSection
	GlobalSection(SolutionProperties) = preSolution
		HideSolutionNode = FALSE
	EndGlobalSection
	GlobalSection(ExtensibilityGlobals) = postSolution
		SolutionGuid = {AFE7BE19-6DF1-4B7C-A090-D92B1849B371}
	EndGlobalSection
EndGlobal
